
Microsoft Visual Studio Solution File, Format Version 12.00
# Visual Studio Version 17
VisualStudioVersion = 17.13.35931.197 d17.13
MinimumVisualStudioVersion = 10.0.40219.1
Project("{FAE04EC0-301F-11D3-BF4B-00C04F79EFBC}") = "Form1", "Form1.csproj", "{A5D88CB9-E239-4863-8269-E21F9FA19CBA}"
EndProject
Global
	GlobalSection(SolutionConfigurationPlatforms) = preSolution
		Debug|Any CPU = Debug|Any CPU
		Release|Any CPU = Release|Any CPU
	EndGlobalSection
	GlobalSection(ProjectConfigurationPlatforms) = postSolution
		{A5D88CB9-E239-4863-8269-E21F9FA19CBA}.Debug|Any CPU.ActiveCfg = Debug|Any CPU
		{A5D88CB9-E239-4863-8269-E21F9FA19CBA}.Debug|Any CPU.Build.0 = Debug|Any CPU
		{A5D88CB9-E239-4863-8269-E21F9FA19CBA}.Release|Any CPU.ActiveCfg = Release|Any CPU
		{A5D88CB9-E239-4863-8269-E21F9FA19CBA}.Release|Any CPU.Build.0 = Release|Any CPU
	EndGlobalSection
	GlobalSection(SolutionProperties) = preSolution
		HideSolutionNode = FALSE
	EndGlobalSection
	GlobalSection(ExtensibilityGlobals) = postSolution
		SolutionGuid = {48CFD142-39E8-4C82-AA73-F043A73808DC}
	EndGlobalSection
EndGlobal
